
Microsoft Visual Studio Solution File, Format Version 12.00
# Visual Studio Version 17
VisualStudioVersion = 17.2.32630.192
MinimumVisualStudioVersion = 10.0.40219.1
Project("{9A19103F-16F7-4668-BE54-9A1E7A4F7556}") = "lab_1", "lab_1\lab_1.csproj", "{A8316AF8-553C-436D-A97D-8E9D8DCB2456}"
EndProject
Global
	GlobalSection(SolutionConfigurationPlatforms) = preSolution
		Debug|Any CPU = Debug|Any CPU
		Release|Any CPU = Release|Any CPU
	EndGlobalSection
	GlobalSection(ProjectConfigurationPlatforms) = postSolution
		{A8316AF8-553C-436D-A97D-8E9D8DCB2456}.Debug|Any CPU.ActiveCfg = Debug|Any CPU
		{A8316AF8-553C-436D-A97D-8E9D8DCB2456}.Debug|Any CPU.Build.0 = Debug|Any CPU
		{A8316AF8-553C-436D-A97D-8E9D8DCB2456}.Release|Any CPU.ActiveCfg = Release|Any CPU
		{A8316AF8-553C-436D-A97D-8E9D8DCB2456}.Release|Any CPU.Build.0 = Release|Any CPU
	EndGlobalSection
	GlobalSection(SolutionProperties) = preSolution
		HideSolutionNode = FALSE
	EndGlobalSection
	GlobalSection(ExtensibilityGlobals) = postSolution
		SolutionGuid = {363C9984-CB52-42CD-B7AA-CAFE0E992083}
	EndGlobalSection
EndGlobal
